// !$*UTF8*$!
{
	archiveVersion = 1;
	classes = {
	};
	objectVersion = 50;
	objects = {

/* Begin PBXBuildFile section */
		DCF043DF24AD16B600241062 /* AppDelegate.swift in Sources */ = {isa = PBXBuildFile; fileRef = DCF043DE24AD16B600241062 /* AppDelegate.swift */; };
		DCF043E124AD16B600241062 /* SceneDelegate.swift in Sources */ = {isa = PBXBuildFile; fileRef = DCF043E024AD16B600241062 /* SceneDelegate.swift */; };
		DCF043E524AD16B800241062 /* Assets.xcassets in Resources */ = {isa = PBXBuildFile; fileRef = DCF043E424AD16B800241062 /* Assets.xcassets */; };
		DCF043E824AD16B800241062 /* Preview Assets.xcassets in Resources */ = {isa = PBXBuildFile; fileRef = DCF043E724AD16B800241062 /* Preview Assets.xcassets */; };
		DCF043EB24AD16B800241062 /* LaunchScreen.storyboard in Resources */ = {isa = PBXBuildFile; fileRef = DCF043E924AD16B800241062 /* LaunchScreen.storyboard */; };
		DCF043F724AD17E100241062 /* LayoutView.swift in Sources */ = {isa = PBXBuildFile; fileRef = DCF043F624AD17E100241062 /* LayoutView.swift */; };
		DCF043F924AD191200241062 /* LoginScreen.swift in Sources */ = {isa = PBXBuildFile; fileRef = DCF043F824AD191200241062 /* LoginScreen.swift */; };
		DCF043FC24AD1ABD00241062 /* CustomInputView.swift in Sources */ = {isa = PBXBuildFile; fileRef = DCF043FB24AD1ABD00241062 /* CustomInputView.swift */; };
		DCF043FF24AD1D5900241062 /* Colors.swift in Sources */ = {isa = PBXBuildFile; fileRef = DCF043FE24AD1D5900241062 /* Colors.swift */; };
		DCF0440224AD29F600241062 /* Logo.png in Resources */ = {isa = PBXBuildFile; fileRef = DCF0440124AD29F600241062 /* Logo.png */; };
		DCF0440424AD2BB000241062 /* Images.swift in Sources */ = {isa = PBXBuildFile; fileRef = DCF0440324AD2BB000241062 /* Images.swift */; };
/* End PBXBuildFile section */

/* Begin PBXFileReference section */
		DCF043DB24AD16B600241062 /* swiftui-escola.app */ = {isa = PBXFileReference; explicitFileType = wrapper.application; includeInIndex = 0; path = "swiftui-escola.app"; sourceTree = BUILT_PRODUCTS_DIR; };
		DCF043DE24AD16B600241062 /* AppDelegate.swift */ = {isa = PBXFileReference; lastKnownFileType = sourcecode.swift; path = AppDelegate.swift; sourceTree = "<group>"; };
		DCF043E024AD16B600241062 /* SceneDelegate.swift */ = {isa = PBXFileReference; lastKnownFileType = sourcecode.swift; path = SceneDelegate.swift; sourceTree = "<group>"; };
		DCF043E424AD16B800241062 /* Assets.xcassets */ = {isa = PBXFileReference; lastKnownFileType = folder.assetcatalog; path = Assets.xcassets; sourceTree = "<group>"; };
		DCF043E724AD16B800241062 /* Preview Assets.xcassets */ = {isa = PBXFileReference; lastKnownFileType = folder.assetcatalog; path = "Preview Assets.xcassets"; sourceTree = "<group>"; };
		DCF043EA24AD16B800241062 /* Base */ = {isa = PBXFileReference; lastKnownFileType = file.storyboard; name = Base; path = Base.lproj/LaunchScreen.storyboard; sourceTree = "<group>"; };
		DCF043EC24AD16B800241062 /* Info.plist */ = {isa = PBXFileReference; lastKnownFileType = text.plist.xml; path = Info.plist; sourceTree = "<group>"; };
		DCF043F624AD17E100241062 /* LayoutView.swift */ = {isa = PBXFileReference; lastKnownFileType = sourcecode.swift; path = LayoutView.swift; sourceTree = "<group>"; };
		DCF043F824AD191200241062 /* LoginScreen.swift */ = {isa = PBXFileReference; lastKnownFileType = sourcecode.swift; path = LoginScreen.swift; sourceTree = "<group>"; };
		DCF043FB24AD1ABD00241062 /* CustomInputView.swift */ = {isa = PBXFileReference; lastKnownFileType = sourcecode.swift; path = CustomInputView.swift; sourceTree = "<group>"; };
		DCF043FE24AD1D5900241062 /* Colors.swift */ = {isa = PBXFileReference; lastKnownFileType = sourcecode.swift; path = Colors.swift; sourceTree = "<group>"; };
		DCF0440124AD29F600241062 /* Logo.png */ = {isa = PBXFileReference; lastKnownFileType = image.png; name = Logo.png; path = ../../../Logo.png; sourceTree = "<group>"; };
		DCF0440324AD2BB000241062 /* Images.swift */ = {isa = PBXFileReference; lastKnownFileType = sourcecode.swift; path = Images.swift; sourceTree = "<group>"; };
/* End PBXFileReference section */

/* Begin PBXFrameworksBuildPhase section */
		DCF043D824AD16B600241062 /* Frameworks */ = {
			isa = PBXFrameworksBuildPhase;
			buildActionMask = 2147483647;
			files = (
			);
			runOnlyForDeploymentPostprocessing = 0;
		};
/* End PBXFrameworksBuildPhase section */

/* Begin PBXGroup section */
		DCF043D224AD16B600241062 = {
			isa = PBXGroup;
			children = (
				DCF043DD24AD16B600241062 /* swiftui-escola */,
				DCF043DC24AD16B600241062 /* Products */,
			);
			sourceTree = "<group>";
		};
		DCF043DC24AD16B600241062 /* Products */ = {
			isa = PBXGroup;
			children = (
				DCF043DB24AD16B600241062 /* swiftui-escola.app */,
			);
			name = Products;
			sourceTree = "<group>";
		};
		DCF043DD24AD16B600241062 /* swiftui-escola */ = {
			isa = PBXGroup;
			children = (
				DCF0440024AD29E400241062 /* Resources */,
				DCF043F524AD17C400241062 /* Layout */,
				DCF043F424AD16F900241062 /* Components */,
				DCF043F224AD16E600241062 /* Screens */,
				DCF043FD24AD1C5700241062 /* Theme */,
				DCF043DE24AD16B600241062 /* AppDelegate.swift */,
				DCF043E024AD16B600241062 /* SceneDelegate.swift */,
				DCF043EC24AD16B800241062 /* Info.plist */,
				DCF043E924AD16B800241062 /* LaunchScreen.storyboard */,
				DCF043E424AD16B800241062 /* Assets.xcassets */,
				DCF043E624AD16B800241062 /* Preview Content */,
			);
			path = "swiftui-escola";
			sourceTree = "<group>";
		};
		DCF043E624AD16B800241062 /* Preview Content */ = {
			isa = PBXGroup;
			children = (
				DCF043E724AD16B800241062 /* Preview Assets.xcassets */,
			);
			path = "Preview Content";
			sourceTree = "<group>";
		};
		DCF043F224AD16E600241062 /* Screens */ = {
			isa = PBXGroup;
			children = (
				DCF043F324AD16F200241062 /* Login */,
			);
			path = Screens;
			sourceTree = "<group>";
		};
		DCF043F324AD16F200241062 /* Login */ = {
			isa = PBXGroup;
			children = (
				DCF043F824AD191200241062 /* LoginScreen.swift */,
			);
			path = Login;
			sourceTree = "<group>";
		};
		DCF043F424AD16F900241062 /* Components */ = {
			isa = PBXGroup;
			children = (
				DCF043FA24AD1AA800241062 /* Input */,
			);
			path = Components;
			sourceTree = "<group>";
		};
		DCF043F524AD17C400241062 /* Layout */ = {
			isa = PBXGroup;
			children = (
				DCF043F624AD17E100241062 /* LayoutView.swift */,
			);
			path = Layout;
			sourceTree = "<group>";
		};
		DCF043FA24AD1AA800241062 /* Input */ = {
			isa = PBXGroup;
			children = (
				DCF043FB24AD1ABD00241062 /* CustomInputView.swift */,
			);
			path = Input;
			sourceTree = "<group>";
		};
		DCF043FD24AD1C5700241062 /* Theme */ = {
			isa = PBXGroup;
			children = (
				DCF043FE24AD1D5900241062 /* Colors.swift */,
				DCF0440324AD2BB000241062 /* Images.swift */,
			);
			path = Theme;
			sourceTree = "<group>";
		};
		DCF0440024AD29E400241062 /* Resources */ = {
			isa = PBXGroup;
			children = (
				DCF0440124AD29F600241062 /* Logo.png */,
			);
			path = Resources;
			sourceTree = "<group>";
		};
/* End PBXGroup section */

/* Begin PBXNativeTarget section */
		DCF043DA24AD16B600241062 /* swiftui-escola */ = {
			isa = PBXNativeTarget;
			buildConfigurationList = DCF043EF24AD16B800241062 /* Build configuration list for PBXNativeTarget "swiftui-escola" */;
			buildPhases = (
				DCF043D724AD16B600241062 /* Sources */,
				DCF043D824AD16B600241062 /* Frameworks */,
				DCF043D924AD16B600241062 /* Resources */,
			);
			buildRules = (
			);
			dependencies = (
			);
			name = "swiftui-escola";
			productName = "swiftui-escola";
			productReference = DCF043DB24AD16B600241062 /* swiftui-escola.app */;
			productType = "com.apple.product-type.application";
		};
/* End PBXNativeTarget section */

/* Begin PBXProject section */
		DCF043D324AD16B600241062 /* Project object */ = {
			isa = PBXProject;
			attributes = {
				LastSwiftUpdateCheck = 1150;
				LastUpgradeCheck = 1150;
				ORGANIZATIONNAME = "João Damazio";
				TargetAttributes = {
					DCF043DA24AD16B600241062 = {
						CreatedOnToolsVersion = 11.5;
					};
				};
			};
			buildConfigurationList = DCF043D624AD16B600241062 /* Build configuration list for PBXProject "swiftui-escola" */;
			compatibilityVersion = "Xcode 9.3";
			developmentRegion = en;
			hasScannedForEncodings = 0;
			knownRegions = (
				en,
				Base,
			);
			mainGroup = DCF043D224AD16B600241062;
			productRefGroup = DCF043DC24AD16B600241062 /* Products */;
			projectDirPath = "";
			projectRoot = "";
			targets = (
				DCF043DA24AD16B600241062 /* swiftui-escola */,
			);
		};
/* End PBXProject section */

/* Begin PBXResourcesBuildPhase section */
		DCF043D924AD16B600241062 /* Resources */ = {
			isa = PBXResourcesBuildPhase;
			buildActionMask = 2147483647;
			files = (
				DCF0440224AD29F600241062 /* Logo.png in Resources */,
				DCF043EB24AD16B800241062 /* LaunchScreen.storyboard in Resources */,
				DCF043E824AD16B800241062 /* Preview Assets.xcassets in Resources */,
				DCF043E524AD16B800241062 /* Assets.xcassets in Resources */,
			);
			runOnlyForDeploymentPostprocessing = 0;
		};
/* End PBXResourcesBuildPhase section */

/* Begin PBXSourcesBuildPhase section */
		DCF043D724AD16B600241062 /* Sources */ = {
			isa = PBXSourcesBuildPhase;
			buildActionMask = 2147483647;
			files = (
				DCF0440424AD2BB000241062 /* Images.swift in Sources */,
				DCF043DF24AD16B600241062 /* AppDelegate.swift in Sources */,
				DCF043FF24AD1D5900241062 /* Colors.swift in Sources */,
				DCF043F924AD191200241062 /* LoginScreen.swift in Sources */,
				DCF043F724AD17E100241062 /* LayoutView.swift in Sources */,
				DCF043FC24AD1ABD00241062 /* CustomInputView.swift in Sources */,
				DCF043E124AD16B600241062 /* SceneDelegate.swift in Sources */,
			);
			runOnlyForDeploymentPostprocessing = 0;
		};
/* End PBXSourcesBuildPhase section */

/* Begin PBXVariantGroup section */
		DCF043E924AD16B800241062 /* LaunchScreen.storyboard */ = {
			isa = PBXVariantGroup;
			children = (
				DCF043EA24AD16B800241062 /* Base */,
			);
			name = LaunchScreen.storyboard;
			sourceTree = "<group>";
		};
/* End PBXVariantGroup section */

/* Begin XCBuildConfiguration section */
		DCF043ED24AD16B800241062 /* Debug */ = {
			isa = XCBuildConfiguration;
			buildSettings = {
				ALWAYS_SEARCH_USER_PATHS = NO;
				CLANG_ANALYZER_NONNULL = YES;
				CLANG_ANALYZER_NUMBER_OBJECT_CONVERSION = YES_AGGRESSIVE;
				CLANG_CXX_LANGUAGE_STANDARD = "gnu++14";
				CLANG_CXX_LIBRARY = "libc++";
				CLANG_ENABLE_MODULES = YES;
				CLANG_ENABLE_OBJC_ARC = YES;
				CLANG_ENABLE_OBJC_WEAK = YES;
				CLANG_WARN_BLOCK_CAPTURE_AUTORELEASING = YES;
				CLANG_WARN_BOOL_CONVERSION = YES;
				CLANG_WARN_COMMA = YES;
				CLANG_WARN_CONSTANT_CONVERSION = YES;
				CLANG_WARN_DEPRECATED_OBJC_IMPLEMENTATIONS = YES;
				CLANG_WARN_DIRECT_OBJC_ISA_USAGE = YES_ERROR;
				CLANG_WARN_DOCUMENTATION_COMMENTS = YES;
				CLANG_WARN_EMPTY_BODY = YES;
				CLANG_WARN_ENUM_CONVERSION = YES;
				CLANG_WARN_INFINITE_RECURSION = YES;
				CLANG_WARN_INT_CONVERSION = YES;
				CLANG_WARN_NON_LITERAL_NULL_CONVERSION = YES;
				CLANG_WARN_OBJC_IMPLICIT_RETAIN_SELF = YES;
				CLANG_WARN_OBJC_LITERAL_CONVERSION = YES;
				CLANG_WARN_OBJC_ROOT_CLASS = YES_ERROR;
				CLANG_WARN_RANGE_LOOP_ANALYSIS = YES;
				CLANG_WARN_STRICT_PROTOTYPES = YES;
				CLANG_WARN_SUSPICIOUS_MOVE = YES;
				CLANG_WARN_UNGUARDED_AVAILABILITY = YES_AGGRESSIVE;
				CLANG_WARN_UNREACHABLE_CODE = YES;
				CLANG_WARN__DUPLICATE_METHOD_MATCH = YES;
				COPY_PHASE_STRIP = NO;
				DEBUG_INFORMATION_FORMAT = dwarf;
				ENABLE_STRICT_OBJC_MSGSEND = YES;
				ENABLE_TESTABILITY = YES;
				GCC_C_LANGUAGE_STANDARD = gnu11;
				GCC_DYNAMIC_NO_PIC = NO;
				GCC_NO_COMMON_BLOCKS = YES;
				GCC_OPTIMIZATION_LEVEL = 0;
				GCC_PREPROCESSOR_DEFINITIONS = (
					"DEBUG=1",
					"$(inherited)",
				);
				GCC_WARN_64_TO_32_BIT_CONVERSION = YES;
				GCC_WARN_ABOUT_RETURN_TYPE = YES_ERROR;
				GCC_WARN_UNDECLARED_SELECTOR = YES;
				GCC_WARN_UNINITIALIZED_AUTOS = YES_AGGRESSIVE;
				GCC_WARN_UNUSED_FUNCTION = YES;
				GCC_WARN_UNUSED_VARIABLE = YES;
				IPHONEOS_DEPLOYMENT_TARGET = 13.5;
				MTL_ENABLE_DEBUG_INFO = INCLUDE_SOURCE;
				MTL_FAST_MATH = YES;
				ONLY_ACTIVE_ARCH = YES;
				SDKROOT = iphoneos;
				SWIFT_ACTIVE_COMPILATION_CONDITIONS = DEBUG;
				SWIFT_OPTIMIZATION_LEVEL = "-Onone";
			};
			name = Debug;
		};
		DCF043EE24AD16B800241062 /* Release */ = {
			isa = XCBuildConfiguration;
			buildSettings = {
				ALWAYS_SEARCH_USER_PATHS = NO;
				CLANG_ANALYZER_NONNULL = YES;
				CLANG_ANALYZER_NUMBER_OBJECT_CONVERSION = YES_AGGRESSIVE;
				CLANG_CXX_LANGUAGE_STANDARD = "gnu++14";
				CLANG_CXX_LIBRARY = "libc++";
				CLANG_ENABLE_MODULES = YES;
				CLANG_ENABLE_OBJC_ARC = YES;
				CLANG_ENABLE_OBJC_WEAK = YES;
				CLANG_WARN_BLOCK_CAPTURE_AUTORELEASING = YES;
				CLANG_WARN_BOOL_CONVERSION = YES;
				CLANG_WARN_COMMA = YES;
				CLANG_WARN_CONSTANT_CONVERSION = YES;
				CLANG_WARN_DEPRECATED_OBJC_IMPLEMENTATIONS = YES;
				CLANG_WARN_DIRECT_OBJC_ISA_USAGE = YES_ERROR;
				CLANG_WARN_DOCUMENTATION_COMMENTS = YES;
				CLANG_WARN_EMPTY_BODY = YES;
				CLANG_WARN_ENUM_CONVERSION = YES;
				CLANG_WARN_INFINITE_RECURSION = YES;
				CLANG_WARN_INT_CONVERSION = YES;
				CLANG_WARN_NON_LITERAL_NULL_CONVERSION = YES;
				CLANG_WARN_OBJC_IMPLICIT_RETAIN_SELF = YES;
				CLANG_WARN_OBJC_LITERAL_CONVERSION = YES;
				CLANG_WARN_OBJC_ROOT_CLASS = YES_ERROR;
				CLANG_WARN_RANGE_LOOP_ANALYSIS = YES;
				CLANG_WARN_STRICT_PROTOTYPES = YES;
				CLANG_WARN_SUSPICIOUS_MOVE = YES;
				CLANG_WARN_UNGUARDED_AVAILABILITY = YES_AGGRESSIVE;
				CLANG_WARN_UNREACHABLE_CODE = YES;
				CLANG_WARN__DUPLICATE_METHOD_MATCH = YES;
				COPY_PHASE_STRIP = NO;
				DEBUG_INFORMATION_FORMAT = "dwarf-with-dsym";
				ENABLE_NS_ASSERTIONS = NO;
				ENABLE_STRICT_OBJC_MSGSEND = YES;
				GCC_C_LANGUAGE_STANDARD = gnu11;
				GCC_NO_COMMON_BLOCKS = YES;
				GCC_WARN_64_TO_32_BIT_CONVERSION = YES;
				GCC_WARN_ABOUT_RETURN_TYPE = YES_ERROR;
				GCC_WARN_UNDECLARED_SELECTOR = YES;
				GCC_WARN_UNINITIALIZED_AUTOS = YES_AGGRESSIVE;
				GCC_WARN_UNUSED_FUNCTION = YES;
				GCC_WARN_UNUSED_VARIABLE = YES;
				IPHONEOS_DEPLOYMENT_TARGET = 13.5;
				MTL_ENABLE_DEBUG_INFO = NO;
				MTL_FAST_MATH = YES;
				SDKROOT = iphoneos;
				SWIFT_COMPILATION_MODE = wholemodule;
				SWIFT_OPTIMIZATION_LEVEL = "-O";
				VALIDATE_PRODUCT = YES;
			};
			name = Release;
		};
		DCF043F024AD16B800241062 /* Debug */ = {
			isa = XCBuildConfiguration;
			buildSettings = {
				ASSETCATALOG_COMPILER_APPICON_NAME = AppIcon;
				CODE_SIGN_STYLE = Automatic;
				DEVELOPMENT_ASSET_PATHS = "\"swiftui-escola/Preview Content\"";
				ENABLE_PREVIEWS = YES;
				INFOPLIST_FILE = "swiftui-escola/Info.plist";
				LD_RUNPATH_SEARCH_PATHS = (
					"$(inherited)",
					"@executable_path/Frameworks",
				);
				PRODUCT_BUNDLE_IDENTIFIER = "joao.tm.swiftui-escola";
				PRODUCT_NAME = "$(TARGET_NAME)";
				SWIFT_VERSION = 5.0;
				TARGETED_DEVICE_FAMILY = "1,2";
			};
			name = Debug;
		};
		DCF043F124AD16B800241062 /* Release */ = {
			isa = XCBuildConfiguration;
			buildSettings = {
				ASSETCATALOG_COMPILER_APPICON_NAME = AppIcon;
				CODE_SIGN_STYLE = Automatic;
				DEVELOPMENT_ASSET_PATHS = "\"swiftui-escola/Preview Content\"";
				ENABLE_PREVIEWS = YES;
				INFOPLIST_FILE = "swiftui-escola/Info.plist";
				LD_RUNPATH_SEARCH_PATHS = (
					"$(inherited)",
					"@executable_path/Frameworks",
				);
				PRODUCT_BUNDLE_IDENTIFIER = "joao.tm.swiftui-escola";
				PRODUCT_NAME = "$(TARGET_NAME)";
				SWIFT_VERSION = 5.0;
				TARGETED_DEVICE_FAMILY = "1,2";
			};
			name = Release;
		};
/* End XCBuildConfiguration section */

/* Begin XCConfigurationList section */
		DCF043D624AD16B600241062 /* Build configuration list for PBXProject "swiftui-escola" */ = {
			isa = XCConfigurationList;
			buildConfigurations = (
				DCF043ED24AD16B800241062 /* Debug */,
				DCF043EE24AD16B800241062 /* Release */,
			);
			defaultConfigurationIsVisible = 0;
			defaultConfigurationName = Release;
		};
		DCF043EF24AD16B800241062 /* Build configuration list for PBXNativeTarget "swiftui-escola" */ = {
			isa = XCConfigurationList;
			buildConfigurations = (
				DCF043F024AD16B800241062 /* Debug */,
				DCF043F124AD16B800241062 /* Release */,
			);
			defaultConfigurationIsVisible = 0;
			defaultConfigurationName = Release;
		};
/* End XCConfigurationList section */
	};
	rootObject = DCF043D324AD16B600241062 /* Project object */;
}
