// !$*UTF8*$!
{
	archiveVersion = 1;
	classes = {
	};
	objectVersion = 51;
	objects = {

/* Begin PBXBuildFile section */
		3935579CB37C812B2AB1DEFB /* Pods_Sims_School.framework in Frameworks */ = {isa = PBXBuildFile; fileRef = 777DFA7D8B92C11713096229 /* Pods_Sims_School.framework */; };
		DC05771924BD6104005CC9BC /* CustomContainerSignIn.swift in Sources */ = {isa = PBXBuildFile; fileRef = DC05771824BD6104005CC9BC /* CustomContainerSignIn.swift */; };
		DC07B46E24C5DA7400840714 /* TipsScreen.swift in Sources */ = {isa = PBXBuildFile; fileRef = DC07B46D24C5DA7400840714 /* TipsScreen.swift */; };
		DC07B47124C5EC7E00840714 /* TipsScreenList.swift in Sources */ = {isa = PBXBuildFile; fileRef = DC07B47024C5EC7E00840714 /* TipsScreenList.swift */; };
		DC10077C24C74AD200DB3EE7 /* PlayerView.swift in Sources */ = {isa = PBXBuildFile; fileRef = DC10077B24C74AD200DB3EE7 /* PlayerView.swift */; };
		DC10077F24C7580E00DB3EE7 /* video-vertical.mov in Resources */ = {isa = PBXBuildFile; fileRef = DC10077D24C7580E00DB3EE7 /* video-vertical.mov */; };
		DC10078024C7580E00DB3EE7 /* video-horizontal.mp4 in Resources */ = {isa = PBXBuildFile; fileRef = DC10077E24C7580E00DB3EE7 /* video-horizontal.mp4 */; };
		DC198D3E24C3D2B000AF27B5 /* ClassesScreenModel.swift in Sources */ = {isa = PBXBuildFile; fileRef = DC198D3D24C3D2B000AF27B5 /* ClassesScreenModel.swift */; };
		DC1D22DB24BE5C1F00E1855D /* SlideHorizontal.swift in Sources */ = {isa = PBXBuildFile; fileRef = DC1D22DA24BE5C1F00E1855D /* SlideHorizontal.swift */; };
		DC4D2CFC24C1E635008FD663 /* ScoresScreenSemesters.swift in Sources */ = {isa = PBXBuildFile; fileRef = DC4D2CFB24C1E635008FD663 /* ScoresScreenSemesters.swift */; };
		DC4D2CFF24C1E68D008FD663 /* ScoresScreenCardScore.swift in Sources */ = {isa = PBXBuildFile; fileRef = DC4D2CFE24C1E68D008FD663 /* ScoresScreenCardScore.swift */; };
		DC4D2D0224C219FE008FD663 /* ClassesScreen.swift in Sources */ = {isa = PBXBuildFile; fileRef = DC4D2D0124C219FE008FD663 /* ClassesScreen.swift */; };
		DC4D2D0424C22DDA008FD663 /* Date.swift in Sources */ = {isa = PBXBuildFile; fileRef = DC4D2D0324C22DDA008FD663 /* Date.swift */; };
		DC4D2D0924C27D5F008FD663 /* ClassesScreenCalendar.swift in Sources */ = {isa = PBXBuildFile; fileRef = DC4D2D0824C27D5F008FD663 /* ClassesScreenCalendar.swift */; };
		DC4D2D0B24C27D70008FD663 /* ClassesScreenDaysWeek.swift in Sources */ = {isa = PBXBuildFile; fileRef = DC4D2D0A24C27D70008FD663 /* ClassesScreenDaysWeek.swift */; };
		DC4D2D0D24C27D85008FD663 /* ClassesScreenSubjectDay.swift in Sources */ = {isa = PBXBuildFile; fileRef = DC4D2D0C24C27D85008FD663 /* ClassesScreenSubjectDay.swift */; };
		DC53D72624C0EB53004266CE /* CustomUIPageViewController.swift in Sources */ = {isa = PBXBuildFile; fileRef = DC53D72524C0EB53004266CE /* CustomUIPageViewController.swift */; };
		DC53D72A24C0ECC9004266CE /* SlideHorizontalDots.swift in Sources */ = {isa = PBXBuildFile; fileRef = DC53D72924C0ECC9004266CE /* SlideHorizontalDots.swift */; };
		DC53D72D24C121B8004266CE /* SafariView.swift in Sources */ = {isa = PBXBuildFile; fileRef = DC53D72C24C121B8004266CE /* SafariView.swift */; };
		DC570CF224C7255D00C9AEDA /* CustomUIVideoPlayer.swift in Sources */ = {isa = PBXBuildFile; fileRef = DC570CF124C7255D00C9AEDA /* CustomUIVideoPlayer.swift */; };
		DC64927324BDEEB300EDAC0E /* ViewRouter.swift in Sources */ = {isa = PBXBuildFile; fileRef = DC64927224BDEEB300EDAC0E /* ViewRouter.swift */; };
		DC64927624BDF27400EDAC0E /* ScoresScreen.swift in Sources */ = {isa = PBXBuildFile; fileRef = DC64927524BDF27400EDAC0E /* ScoresScreen.swift */; };
		DC64927C24BE179B00EDAC0E /* HomeScreenProfile.swift in Sources */ = {isa = PBXBuildFile; fileRef = DC64927B24BE179B00EDAC0E /* HomeScreenProfile.swift */; };
		DC64927E24BE1A2B00EDAC0E /* HomeScreenClasses.swift in Sources */ = {isa = PBXBuildFile; fileRef = DC64927D24BE1A2B00EDAC0E /* HomeScreenClasses.swift */; };
		DC64928024BE1A3D00EDAC0E /* HomeScreenAds.swift in Sources */ = {isa = PBXBuildFile; fileRef = DC64927F24BE1A3D00EDAC0E /* HomeScreenAds.swift */; };
		DC89F04724BD704B001964FC /* TabsScreen.swift in Sources */ = {isa = PBXBuildFile; fileRef = DC89F04624BD704B001964FC /* TabsScreen.swift */; };
		DC989EDD24BCEDCA003B79A6 /* HomeScreen.swift in Sources */ = {isa = PBXBuildFile; fileRef = DC989EDC24BCEDCA003B79A6 /* HomeScreen.swift */; };
		DC989EE524BD0006003B79A6 /* Layout.swift in Sources */ = {isa = PBXBuildFile; fileRef = DC989EE424BD0006003B79A6 /* Layout.swift */; };
		DC98E1AF24B8A07F00D4BD76 /* GoogleService-Info.plist in Resources */ = {isa = PBXBuildFile; fileRef = DC98E1AE24B8A07F00D4BD76 /* GoogleService-Info.plist */; };
		DC98E1B224B8A18100D4BD76 /* LoginScreenSubmitButton.swift in Sources */ = {isa = PBXBuildFile; fileRef = DC98E1B124B8A18100D4BD76 /* LoginScreenSubmitButton.swift */; };
		DC98E1B524B8AA3E00D4BD76 /* LoginScreenLogo.swift in Sources */ = {isa = PBXBuildFile; fileRef = DC98E1B424B8AA3E00D4BD76 /* LoginScreenLogo.swift */; };
		DC98E1B924B8AE3900D4BD76 /* LoginScreenModel.swift in Sources */ = {isa = PBXBuildFile; fileRef = DC98E1B824B8AE3900D4BD76 /* LoginScreenModel.swift */; };
		DC98E1BB24B8BF5900D4BD76 /* UIInput.swift in Sources */ = {isa = PBXBuildFile; fileRef = DC98E1BA24B8BF5900D4BD76 /* UIInput.swift */; };
		DC98E1BE24B8ED4B00D4BD76 /* ScreenSize.swift in Sources */ = {isa = PBXBuildFile; fileRef = DC98E1BD24B8ED4B00D4BD76 /* ScreenSize.swift */; };
		DC98E1C024B8EE8000D4BD76 /* PaddingTextFieldHorizontal.swift in Sources */ = {isa = PBXBuildFile; fileRef = DC98E1BF24B8EE8000D4BD76 /* PaddingTextFieldHorizontal.swift */; };
		DCA500C124AE5223006B4C63 /* CustomContainerGuest.swift in Sources */ = {isa = PBXBuildFile; fileRef = DCA500C024AE5223006B4C63 /* CustomContainerGuest.swift */; };
		DCAAF78D24C09D6F00F0518C /* ClassesResponse.swift in Sources */ = {isa = PBXBuildFile; fileRef = DCAAF78C24C09D6F00F0518C /* ClassesResponse.swift */; };
		DCAAF79024C0A86000F0518C /* HomeScreenPageModel.swift in Sources */ = {isa = PBXBuildFile; fileRef = DCAAF78F24C0A86000F0518C /* HomeScreenPageModel.swift */; };
		DCB672D824B242120064484D /* ActivityIndicator.swift in Sources */ = {isa = PBXBuildFile; fileRef = DCB672D724B242120064484D /* ActivityIndicator.swift */; };
		DCB672DA24B2683D0064484D /* HexToUiColor.swift in Sources */ = {isa = PBXBuildFile; fileRef = DCB672D924B2683D0064484D /* HexToUiColor.swift */; };
		DCB672DF24B29BB60064484D /* Request.swift in Sources */ = {isa = PBXBuildFile; fileRef = DCB672DE24B29BB60064484D /* Request.swift */; };
		DCB672E124B29BC10064484D /* Response.swift in Sources */ = {isa = PBXBuildFile; fileRef = DCB672E024B29BC10064484D /* Response.swift */; };
		DCB672E324B29BD10064484D /* Service.swift in Sources */ = {isa = PBXBuildFile; fileRef = DCB672E224B29BD10064484D /* Service.swift */; };
		DCF043DF24AD16B600241062 /* AppDelegate.swift in Sources */ = {isa = PBXBuildFile; fileRef = DCF043DE24AD16B600241062 /* AppDelegate.swift */; };
		DCF043E124AD16B600241062 /* SceneDelegate.swift in Sources */ = {isa = PBXBuildFile; fileRef = DCF043E024AD16B600241062 /* SceneDelegate.swift */; };
		DCF043E524AD16B800241062 /* Assets.xcassets in Resources */ = {isa = PBXBuildFile; fileRef = DCF043E424AD16B800241062 /* Assets.xcassets */; };
		DCF043E824AD16B800241062 /* Preview Assets.xcassets in Resources */ = {isa = PBXBuildFile; fileRef = DCF043E724AD16B800241062 /* Preview Assets.xcassets */; };
		DCF043EB24AD16B800241062 /* LaunchScreen.storyboard in Resources */ = {isa = PBXBuildFile; fileRef = DCF043E924AD16B800241062 /* LaunchScreen.storyboard */; };
		DCF043F924AD191200241062 /* LoginScreen.swift in Sources */ = {isa = PBXBuildFile; fileRef = DCF043F824AD191200241062 /* LoginScreen.swift */; };
		DCF043FC24AD1ABD00241062 /* CustomInput.swift in Sources */ = {isa = PBXBuildFile; fileRef = DCF043FB24AD1ABD00241062 /* CustomInput.swift */; };
		DCF043FF24AD1D5900241062 /* Colors.swift in Sources */ = {isa = PBXBuildFile; fileRef = DCF043FE24AD1D5900241062 /* Colors.swift */; };
		DCF0440424AD2BB000241062 /* Images.swift in Sources */ = {isa = PBXBuildFile; fileRef = DCF0440324AD2BB000241062 /* Images.swift */; };
		DCF0440924AE1E0400241062 /* FormModel.swift in Sources */ = {isa = PBXBuildFile; fileRef = DCF0440824AE1E0400241062 /* FormModel.swift */; };
		DCF0440D24AE2CF500241062 /* KeyboardHideInputHelper.swift in Sources */ = {isa = PBXBuildFile; fileRef = DCF0440C24AE2CF500241062 /* KeyboardHideInputHelper.swift */; };
		DCF0440F24AE393500241062 /* FormRules.swift in Sources */ = {isa = PBXBuildFile; fileRef = DCF0440E24AE393500241062 /* FormRules.swift */; };
		DCFD821E24C61492008E3C05 /* TipsScreenFullScreenImage.swift in Sources */ = {isa = PBXBuildFile; fileRef = DCFD821D24C61492008E3C05 /* TipsScreenFullScreenImage.swift */; };
/* End PBXBuildFile section */

/* Begin PBXFileReference section */
		3B698B968CFB1C1CF16D3BDF /* Pods-Sims School.release.xcconfig */ = {isa = PBXFileReference; includeInIndex = 1; lastKnownFileType = text.xcconfig; name = "Pods-Sims School.release.xcconfig"; path = "Target Support Files/Pods-Sims School/Pods-Sims School.release.xcconfig"; sourceTree = "<group>"; };
		777DFA7D8B92C11713096229 /* Pods_Sims_School.framework */ = {isa = PBXFileReference; explicitFileType = wrapper.framework; includeInIndex = 0; path = Pods_Sims_School.framework; sourceTree = BUILT_PRODUCTS_DIR; };
		A518D0BBE87DF0D79C52DB73 /* Pods-swiftui-escola.debug.xcconfig */ = {isa = PBXFileReference; includeInIndex = 1; lastKnownFileType = text.xcconfig; name = "Pods-swiftui-escola.debug.xcconfig"; path = "Target Support Files/Pods-swiftui-escola/Pods-swiftui-escola.debug.xcconfig"; sourceTree = "<group>"; };
		AB599491792EC550D7C02C8C /* Pods-Sims School.debug.xcconfig */ = {isa = PBXFileReference; includeInIndex = 1; lastKnownFileType = text.xcconfig; name = "Pods-Sims School.debug.xcconfig"; path = "Target Support Files/Pods-Sims School/Pods-Sims School.debug.xcconfig"; sourceTree = "<group>"; };
		DC05771824BD6104005CC9BC /* CustomContainerSignIn.swift */ = {isa = PBXFileReference; lastKnownFileType = sourcecode.swift; path = CustomContainerSignIn.swift; sourceTree = "<group>"; };
		DC07B46D24C5DA7400840714 /* TipsScreen.swift */ = {isa = PBXFileReference; lastKnownFileType = sourcecode.swift; path = TipsScreen.swift; sourceTree = "<group>"; };
		DC07B47024C5EC7E00840714 /* TipsScreenList.swift */ = {isa = PBXFileReference; lastKnownFileType = sourcecode.swift; path = TipsScreenList.swift; sourceTree = "<group>"; };
		DC10077B24C74AD200DB3EE7 /* PlayerView.swift */ = {isa = PBXFileReference; lastKnownFileType = sourcecode.swift; path = PlayerView.swift; sourceTree = "<group>"; };
		DC10077D24C7580E00DB3EE7 /* video-vertical.mov */ = {isa = PBXFileReference; lastKnownFileType = video.quicktime; path = "video-vertical.mov"; sourceTree = "<group>"; };
		DC10077E24C7580E00DB3EE7 /* video-horizontal.mp4 */ = {isa = PBXFileReference; lastKnownFileType = file; path = "video-horizontal.mp4"; sourceTree = "<group>"; };
		DC198D3D24C3D2B000AF27B5 /* ClassesScreenModel.swift */ = {isa = PBXFileReference; lastKnownFileType = sourcecode.swift; path = ClassesScreenModel.swift; sourceTree = "<group>"; };
		DC1D22DA24BE5C1F00E1855D /* SlideHorizontal.swift */ = {isa = PBXFileReference; lastKnownFileType = sourcecode.swift; path = SlideHorizontal.swift; sourceTree = "<group>"; };
		DC4D2CFB24C1E635008FD663 /* ScoresScreenSemesters.swift */ = {isa = PBXFileReference; lastKnownFileType = sourcecode.swift; path = ScoresScreenSemesters.swift; sourceTree = "<group>"; };
		DC4D2CFE24C1E68D008FD663 /* ScoresScreenCardScore.swift */ = {isa = PBXFileReference; lastKnownFileType = sourcecode.swift; path = ScoresScreenCardScore.swift; sourceTree = "<group>"; };
		DC4D2D0124C219FE008FD663 /* ClassesScreen.swift */ = {isa = PBXFileReference; lastKnownFileType = sourcecode.swift; path = ClassesScreen.swift; sourceTree = "<group>"; };
		DC4D2D0324C22DDA008FD663 /* Date.swift */ = {isa = PBXFileReference; lastKnownFileType = sourcecode.swift; path = Date.swift; sourceTree = "<group>"; };
		DC4D2D0824C27D5F008FD663 /* ClassesScreenCalendar.swift */ = {isa = PBXFileReference; lastKnownFileType = sourcecode.swift; path = ClassesScreenCalendar.swift; sourceTree = "<group>"; };
		DC4D2D0A24C27D70008FD663 /* ClassesScreenDaysWeek.swift */ = {isa = PBXFileReference; lastKnownFileType = sourcecode.swift; path = ClassesScreenDaysWeek.swift; sourceTree = "<group>"; };
		DC4D2D0C24C27D85008FD663 /* ClassesScreenSubjectDay.swift */ = {isa = PBXFileReference; lastKnownFileType = sourcecode.swift; path = ClassesScreenSubjectDay.swift; sourceTree = "<group>"; };
		DC53D72524C0EB53004266CE /* CustomUIPageViewController.swift */ = {isa = PBXFileReference; lastKnownFileType = sourcecode.swift; path = CustomUIPageViewController.swift; sourceTree = "<group>"; };
		DC53D72924C0ECC9004266CE /* SlideHorizontalDots.swift */ = {isa = PBXFileReference; lastKnownFileType = sourcecode.swift; path = SlideHorizontalDots.swift; sourceTree = "<group>"; };
		DC53D72C24C121B8004266CE /* SafariView.swift */ = {isa = PBXFileReference; lastKnownFileType = sourcecode.swift; path = SafariView.swift; sourceTree = "<group>"; };
		DC570CF124C7255D00C9AEDA /* CustomUIVideoPlayer.swift */ = {isa = PBXFileReference; lastKnownFileType = sourcecode.swift; path = CustomUIVideoPlayer.swift; sourceTree = "<group>"; };
		DC64927224BDEEB300EDAC0E /* ViewRouter.swift */ = {isa = PBXFileReference; lastKnownFileType = sourcecode.swift; path = ViewRouter.swift; sourceTree = "<group>"; };
		DC64927524BDF27400EDAC0E /* ScoresScreen.swift */ = {isa = PBXFileReference; lastKnownFileType = sourcecode.swift; path = ScoresScreen.swift; sourceTree = "<group>"; };
		DC64927B24BE179B00EDAC0E /* HomeScreenProfile.swift */ = {isa = PBXFileReference; lastKnownFileType = sourcecode.swift; path = HomeScreenProfile.swift; sourceTree = "<group>"; };
		DC64927D24BE1A2B00EDAC0E /* HomeScreenClasses.swift */ = {isa = PBXFileReference; lastKnownFileType = sourcecode.swift; path = HomeScreenClasses.swift; sourceTree = "<group>"; };
		DC64927F24BE1A3D00EDAC0E /* HomeScreenAds.swift */ = {isa = PBXFileReference; lastKnownFileType = sourcecode.swift; path = HomeScreenAds.swift; sourceTree = "<group>"; };
		DC89F04624BD704B001964FC /* TabsScreen.swift */ = {isa = PBXFileReference; lastKnownFileType = sourcecode.swift; path = TabsScreen.swift; sourceTree = "<group>"; };
		DC989EDC24BCEDCA003B79A6 /* HomeScreen.swift */ = {isa = PBXFileReference; lastKnownFileType = sourcecode.swift; path = HomeScreen.swift; sourceTree = "<group>"; };
		DC989EE424BD0006003B79A6 /* Layout.swift */ = {isa = PBXFileReference; lastKnownFileType = sourcecode.swift; path = Layout.swift; sourceTree = "<group>"; };
		DC98E1AE24B8A07F00D4BD76 /* GoogleService-Info.plist */ = {isa = PBXFileReference; fileEncoding = 4; lastKnownFileType = text.plist.xml; path = "GoogleService-Info.plist"; sourceTree = "<group>"; };
		DC98E1B124B8A18100D4BD76 /* LoginScreenSubmitButton.swift */ = {isa = PBXFileReference; lastKnownFileType = sourcecode.swift; path = LoginScreenSubmitButton.swift; sourceTree = "<group>"; };
		DC98E1B424B8AA3E00D4BD76 /* LoginScreenLogo.swift */ = {isa = PBXFileReference; lastKnownFileType = sourcecode.swift; path = LoginScreenLogo.swift; sourceTree = "<group>"; };
		DC98E1B824B8AE3900D4BD76 /* LoginScreenModel.swift */ = {isa = PBXFileReference; lastKnownFileType = sourcecode.swift; path = LoginScreenModel.swift; sourceTree = "<group>"; };
		DC98E1BA24B8BF5900D4BD76 /* UIInput.swift */ = {isa = PBXFileReference; lastKnownFileType = sourcecode.swift; path = UIInput.swift; sourceTree = "<group>"; };
		DC98E1BD24B8ED4B00D4BD76 /* ScreenSize.swift */ = {isa = PBXFileReference; lastKnownFileType = sourcecode.swift; path = ScreenSize.swift; sourceTree = "<group>"; };
		DC98E1BF24B8EE8000D4BD76 /* PaddingTextFieldHorizontal.swift */ = {isa = PBXFileReference; lastKnownFileType = sourcecode.swift; path = PaddingTextFieldHorizontal.swift; sourceTree = "<group>"; };
		DCA500C024AE5223006B4C63 /* CustomContainerGuest.swift */ = {isa = PBXFileReference; lastKnownFileType = sourcecode.swift; path = CustomContainerGuest.swift; sourceTree = "<group>"; };
		DCAAF78C24C09D6F00F0518C /* ClassesResponse.swift */ = {isa = PBXFileReference; lastKnownFileType = sourcecode.swift; path = ClassesResponse.swift; sourceTree = "<group>"; };
		DCAAF78F24C0A86000F0518C /* HomeScreenPageModel.swift */ = {isa = PBXFileReference; lastKnownFileType = sourcecode.swift; path = HomeScreenPageModel.swift; sourceTree = "<group>"; };
		DCB672D724B242120064484D /* ActivityIndicator.swift */ = {isa = PBXFileReference; lastKnownFileType = sourcecode.swift; path = ActivityIndicator.swift; sourceTree = "<group>"; };
		DCB672D924B2683D0064484D /* HexToUiColor.swift */ = {isa = PBXFileReference; lastKnownFileType = sourcecode.swift; path = HexToUiColor.swift; sourceTree = "<group>"; };
		DCB672DE24B29BB60064484D /* Request.swift */ = {isa = PBXFileReference; lastKnownFileType = sourcecode.swift; path = Request.swift; sourceTree = "<group>"; };
		DCB672E024B29BC10064484D /* Response.swift */ = {isa = PBXFileReference; lastKnownFileType = sourcecode.swift; path = Response.swift; sourceTree = "<group>"; };
		DCB672E224B29BD10064484D /* Service.swift */ = {isa = PBXFileReference; lastKnownFileType = sourcecode.swift; path = Service.swift; sourceTree = "<group>"; };
		DCF043DB24AD16B600241062 /* Sims School.app */ = {isa = PBXFileReference; explicitFileType = wrapper.application; includeInIndex = 0; path = "Sims School.app"; sourceTree = BUILT_PRODUCTS_DIR; };
		DCF043DE24AD16B600241062 /* AppDelegate.swift */ = {isa = PBXFileReference; lastKnownFileType = sourcecode.swift; path = AppDelegate.swift; sourceTree = "<group>"; };
		DCF043E024AD16B600241062 /* SceneDelegate.swift */ = {isa = PBXFileReference; lastKnownFileType = sourcecode.swift; path = SceneDelegate.swift; sourceTree = "<group>"; };
		DCF043E424AD16B800241062 /* Assets.xcassets */ = {isa = PBXFileReference; lastKnownFileType = folder.assetcatalog; path = Assets.xcassets; sourceTree = "<group>"; };
		DCF043E724AD16B800241062 /* Preview Assets.xcassets */ = {isa = PBXFileReference; lastKnownFileType = folder.assetcatalog; path = "Preview Assets.xcassets"; sourceTree = "<group>"; };
		DCF043EA24AD16B800241062 /* Base */ = {isa = PBXFileReference; lastKnownFileType = file.storyboard; name = Base; path = Base.lproj/LaunchScreen.storyboard; sourceTree = "<group>"; };
		DCF043EC24AD16B800241062 /* Info.plist */ = {isa = PBXFileReference; lastKnownFileType = text.plist.xml; path = Info.plist; sourceTree = "<group>"; };
		DCF043F824AD191200241062 /* LoginScreen.swift */ = {isa = PBXFileReference; lastKnownFileType = sourcecode.swift; path = LoginScreen.swift; sourceTree = "<group>"; };
		DCF043FB24AD1ABD00241062 /* CustomInput.swift */ = {isa = PBXFileReference; lastKnownFileType = sourcecode.swift; path = CustomInput.swift; sourceTree = "<group>"; };
		DCF043FE24AD1D5900241062 /* Colors.swift */ = {isa = PBXFileReference; lastKnownFileType = sourcecode.swift; path = Colors.swift; sourceTree = "<group>"; };
		DCF0440324AD2BB000241062 /* Images.swift */ = {isa = PBXFileReference; lastKnownFileType = sourcecode.swift; path = Images.swift; sourceTree = "<group>"; };
		DCF0440824AE1E0400241062 /* FormModel.swift */ = {isa = PBXFileReference; lastKnownFileType = sourcecode.swift; path = FormModel.swift; sourceTree = "<group>"; };
		DCF0440C24AE2CF500241062 /* KeyboardHideInputHelper.swift */ = {isa = PBXFileReference; lastKnownFileType = sourcecode.swift; path = KeyboardHideInputHelper.swift; sourceTree = "<group>"; };
		DCF0440E24AE393500241062 /* FormRules.swift */ = {isa = PBXFileReference; lastKnownFileType = sourcecode.swift; path = FormRules.swift; sourceTree = "<group>"; };
		DCFD821D24C61492008E3C05 /* TipsScreenFullScreenImage.swift */ = {isa = PBXFileReference; lastKnownFileType = sourcecode.swift; path = TipsScreenFullScreenImage.swift; sourceTree = "<group>"; };
		E3B0308193EC0AD9A9EBDCFD /* Pods-swiftui-escola.release.xcconfig */ = {isa = PBXFileReference; includeInIndex = 1; lastKnownFileType = text.xcconfig; name = "Pods-swiftui-escola.release.xcconfig"; path = "Target Support Files/Pods-swiftui-escola/Pods-swiftui-escola.release.xcconfig"; sourceTree = "<group>"; };
/* End PBXFileReference section */

/* Begin PBXFrameworksBuildPhase section */
		DCF043D824AD16B600241062 /* Frameworks */ = {
			isa = PBXFrameworksBuildPhase;
			buildActionMask = 2147483647;
			files = (
				3935579CB37C812B2AB1DEFB /* Pods_Sims_School.framework in Frameworks */,
			);
			runOnlyForDeploymentPostprocessing = 0;
		};
/* End PBXFrameworksBuildPhase section */

/* Begin PBXGroup section */
		0AE6214BD201AE44F04D15BF /* Pods */ = {
			isa = PBXGroup;
			children = (
				A518D0BBE87DF0D79C52DB73 /* Pods-swiftui-escola.debug.xcconfig */,
				E3B0308193EC0AD9A9EBDCFD /* Pods-swiftui-escola.release.xcconfig */,
				AB599491792EC550D7C02C8C /* Pods-Sims School.debug.xcconfig */,
				3B698B968CFB1C1CF16D3BDF /* Pods-Sims School.release.xcconfig */,
			);
			path = Pods;
			sourceTree = "<group>";
		};
		A55350B1B31EDA574414D329 /* Frameworks */ = {
			isa = PBXGroup;
			children = (
				777DFA7D8B92C11713096229 /* Pods_Sims_School.framework */,
			);
			name = Frameworks;
			sourceTree = "<group>";
		};
		DC05771724BD60D7005CC9BC /* Container Sign in */ = {
			isa = PBXGroup;
			children = (
				DC05771824BD6104005CC9BC /* CustomContainerSignIn.swift */,
			);
			path = "Container Sign in";
			sourceTree = "<group>";
		};
		DC07B46C24C5DA5200840714 /* Tips */ = {
			isa = PBXGroup;
			children = (
				DC07B46F24C5EC5100840714 /* Components */,
				DC07B46D24C5DA7400840714 /* TipsScreen.swift */,
			);
			path = Tips;
			sourceTree = "<group>";
		};
		DC07B46F24C5EC5100840714 /* Components */ = {
			isa = PBXGroup;
			children = (
				DCFD821B24C61413008E3C05 /* List */,
				DCFD821C24C6142A008E3C05 /* Full Screen Image */,
			);
			path = Components;
			sourceTree = "<group>";
		};
		DC198D3B24C3D27F00AF27B5 /* Components */ = {
			isa = PBXGroup;
			children = (
				DC4D2D0724C27D42008FD663 /* Subjects of Day */,
				DC4D2D0624C27D2E008FD663 /* Days of Week */,
				DC4D2D0524C27CA8008FD663 /* Calendar */,
			);
			path = Components;
			sourceTree = "<group>";
		};
		DC198D3C24C3D28F00AF27B5 /* Model */ = {
			isa = PBXGroup;
			children = (
				DC198D3D24C3D2B000AF27B5 /* ClassesScreenModel.swift */,
			);
			path = Model;
			sourceTree = "<group>";
		};
		DC1D22D924BE5BE000E1855D /* Slide Horizontal */ = {
			isa = PBXGroup;
			children = (
				DC1D22DA24BE5C1F00E1855D /* SlideHorizontal.swift */,
				DC53D72924C0ECC9004266CE /* SlideHorizontalDots.swift */,
				DC53D72524C0EB53004266CE /* CustomUIPageViewController.swift */,
			);
			path = "Slide Horizontal";
			sourceTree = "<group>";
		};
		DC4D2CF924C1E5C2008FD663 /* Components */ = {
			isa = PBXGroup;
			children = (
				DC4D2CFA24C1E5E6008FD663 /* Semesters */,
				DC4D2CFD24C1E65D008FD663 /* CardScore */,
			);
			path = Components;
			sourceTree = "<group>";
		};
		DC4D2CFA24C1E5E6008FD663 /* Semesters */ = {
			isa = PBXGroup;
			children = (
				DC4D2CFB24C1E635008FD663 /* ScoresScreenSemesters.swift */,
			);
			path = Semesters;
			sourceTree = "<group>";
		};
		DC4D2CFD24C1E65D008FD663 /* CardScore */ = {
			isa = PBXGroup;
			children = (
				DC4D2CFE24C1E68D008FD663 /* ScoresScreenCardScore.swift */,
			);
			path = CardScore;
			sourceTree = "<group>";
		};
		DC4D2D0024C21916008FD663 /* Classes */ = {
			isa = PBXGroup;
			children = (
				DC198D3B24C3D27F00AF27B5 /* Components */,
				DC198D3C24C3D28F00AF27B5 /* Model */,
				DC4D2D0124C219FE008FD663 /* ClassesScreen.swift */,
			);
			path = Classes;
			sourceTree = "<group>";
		};
		DC4D2D0524C27CA8008FD663 /* Calendar */ = {
			isa = PBXGroup;
			children = (
				DC4D2D0824C27D5F008FD663 /* ClassesScreenCalendar.swift */,
			);
			path = Calendar;
			sourceTree = "<group>";
		};
		DC4D2D0624C27D2E008FD663 /* Days of Week */ = {
			isa = PBXGroup;
			children = (
				DC4D2D0A24C27D70008FD663 /* ClassesScreenDaysWeek.swift */,
			);
			path = "Days of Week";
			sourceTree = "<group>";
		};
		DC4D2D0724C27D42008FD663 /* Subjects of Day */ = {
			isa = PBXGroup;
			children = (
				DC4D2D0C24C27D85008FD663 /* ClassesScreenSubjectDay.swift */,
			);
			path = "Subjects of Day";
			sourceTree = "<group>";
		};
		DC53D72B24C121A9004266CE /* Safari View */ = {
			isa = PBXGroup;
			children = (
				DC53D72C24C121B8004266CE /* SafariView.swift */,
			);
			path = "Safari View";
			sourceTree = "<group>";
		};
		DC570CEF24C7251F00C9AEDA /* Player Video */ = {
			isa = PBXGroup;
			children = (
				DC570CF124C7255D00C9AEDA /* CustomUIVideoPlayer.swift */,
				DC10077B24C74AD200DB3EE7 /* PlayerView.swift */,
			);
			path = "Player Video";
			sourceTree = "<group>";
		};
		DC64927124BDEE9F00EDAC0E /* View Router */ = {
			isa = PBXGroup;
			children = (
				DC64927224BDEEB300EDAC0E /* ViewRouter.swift */,
			);
			path = "View Router";
			sourceTree = "<group>";
		};
		DC64927424BDF25100EDAC0E /* Scores */ = {
			isa = PBXGroup;
			children = (
				DC4D2CF924C1E5C2008FD663 /* Components */,
				DC64927524BDF27400EDAC0E /* ScoresScreen.swift */,
			);
			path = Scores;
			sourceTree = "<group>";
		};
		DC64927724BE15A200EDAC0E /* Components */ = {
			isa = PBXGroup;
			children = (
				DC64927A24BE15DB00EDAC0E /* Ads */,
				DC64927924BE15C000EDAC0E /* Classes */,
				DC64927824BE15B100EDAC0E /* Profile */,
			);
			path = Components;
			sourceTree = "<group>";
		};
		DC64927824BE15B100EDAC0E /* Profile */ = {
			isa = PBXGroup;
			children = (
				DC64927B24BE179B00EDAC0E /* HomeScreenProfile.swift */,
			);
			path = Profile;
			sourceTree = "<group>";
		};
		DC64927924BE15C000EDAC0E /* Classes */ = {
			isa = PBXGroup;
			children = (
				DC64927D24BE1A2B00EDAC0E /* HomeScreenClasses.swift */,
			);
			path = Classes;
			sourceTree = "<group>";
		};
		DC64927A24BE15DB00EDAC0E /* Ads */ = {
			isa = PBXGroup;
			children = (
				DC64927F24BE1A3D00EDAC0E /* HomeScreenAds.swift */,
			);
			path = Ads;
			sourceTree = "<group>";
		};
		DC89F04524BD7036001964FC /* Tabs */ = {
			isa = PBXGroup;
			children = (
				DC989EDB24BCEC58003B79A6 /* Home */,
				DC64927424BDF25100EDAC0E /* Scores */,
				DC4D2D0024C21916008FD663 /* Classes */,
				DC07B46C24C5DA5200840714 /* Tips */,
				DC89F04624BD704B001964FC /* TabsScreen.swift */,
			);
			path = Tabs;
			sourceTree = "<group>";
		};
		DC989EDB24BCEC58003B79A6 /* Home */ = {
			isa = PBXGroup;
			children = (
				DCAAF78E24C0A84200F0518C /* Model */,
				DC64927724BE15A200EDAC0E /* Components */,
				DC989EDC24BCEDCA003B79A6 /* HomeScreen.swift */,
			);
			path = Home;
			sourceTree = "<group>";
		};
		DC989EE324BCFFF2003B79A6 /* Layout */ = {
			isa = PBXGroup;
			children = (
				DC989EE424BD0006003B79A6 /* Layout.swift */,
			);
			path = Layout;
			sourceTree = "<group>";
		};
		DC98E1B024B8A14C00D4BD76 /* Submit Button */ = {
			isa = PBXGroup;
			children = (
				DC98E1B124B8A18100D4BD76 /* LoginScreenSubmitButton.swift */,
			);
			path = "Submit Button";
			sourceTree = "<group>";
		};
		DC98E1B324B8AA0300D4BD76 /* Logo */ = {
			isa = PBXGroup;
			children = (
				DC98E1B424B8AA3E00D4BD76 /* LoginScreenLogo.swift */,
			);
			path = Logo;
			sourceTree = "<group>";
		};
		DC98E1B624B8AC7E00D4BD76 /* Components */ = {
			isa = PBXGroup;
			children = (
				DC98E1B324B8AA0300D4BD76 /* Logo */,
				DC98E1B024B8A14C00D4BD76 /* Submit Button */,
			);
			path = Components;
			sourceTree = "<group>";
		};
		DC98E1B724B8AE0300D4BD76 /* Model */ = {
			isa = PBXGroup;
			children = (
				DC98E1B824B8AE3900D4BD76 /* LoginScreenModel.swift */,
			);
			path = Model;
			sourceTree = "<group>";
		};
		DCA500BD24AE51CC006B4C63 /* Container Guest */ = {
			isa = PBXGroup;
			children = (
				DCA500C024AE5223006B4C63 /* CustomContainerGuest.swift */,
			);
			path = "Container Guest";
			sourceTree = "<group>";
		};
		DCAAF78B24C09D2F00F0518C /* Classes */ = {
			isa = PBXGroup;
			children = (
				DCAAF78C24C09D6F00F0518C /* ClassesResponse.swift */,
			);
			path = Classes;
			sourceTree = "<group>";
		};
		DCAAF78E24C0A84200F0518C /* Model */ = {
			isa = PBXGroup;
			children = (
				DCAAF78F24C0A86000F0518C /* HomeScreenPageModel.swift */,
			);
			path = Model;
			sourceTree = "<group>";
		};
		DCB672D624B241FE0064484D /* Activity Indicator */ = {
			isa = PBXGroup;
			children = (
				DCB672D724B242120064484D /* ActivityIndicator.swift */,
			);
			path = "Activity Indicator";
			sourceTree = "<group>";
		};
		DCB672DD24B29B580064484D /* User */ = {
			isa = PBXGroup;
			children = (
				DCB672DE24B29BB60064484D /* Request.swift */,
				DCB672E024B29BC10064484D /* Response.swift */,
				DCB672E224B29BD10064484D /* Service.swift */,
			);
			path = User;
			sourceTree = "<group>";
		};
		DCF043D224AD16B600241062 = {
			isa = PBXGroup;
			children = (
				DCF043DD24AD16B600241062 /* Sims School */,
				DCF043DC24AD16B600241062 /* Products */,
				0AE6214BD201AE44F04D15BF /* Pods */,
				A55350B1B31EDA574414D329 /* Frameworks */,
			);
			sourceTree = "<group>";
		};
		DCF043DC24AD16B600241062 /* Products */ = {
			isa = PBXGroup;
			children = (
				DCF043DB24AD16B600241062 /* Sims School.app */,
			);
			name = Products;
			sourceTree = "<group>";
		};
		DCF043DD24AD16B600241062 /* Sims School */ = {
			isa = PBXGroup;
			children = (
				DCF0440B24AE2CCB00241062 /* Extensions */,
				DC989EE324BCFFF2003B79A6 /* Layout */,
				DCF043F424AD16F900241062 /* Components */,
				DCF0440624AE1DB900241062 /* Model */,
				DCF043F224AD16E600241062 /* Screens */,
				DCF0440A24AE224200241062 /* Services */,
				DCF043FD24AD1C5700241062 /* Theme */,
				DC98E1AE24B8A07F00D4BD76 /* GoogleService-Info.plist */,
				DC10077E24C7580E00DB3EE7 /* video-horizontal.mp4 */,
				DC10077D24C7580E00DB3EE7 /* video-vertical.mov */,
				DCF043DE24AD16B600241062 /* AppDelegate.swift */,
				DCF043E024AD16B600241062 /* SceneDelegate.swift */,
				DCF043EC24AD16B800241062 /* Info.plist */,
				DCF043E924AD16B800241062 /* LaunchScreen.storyboard */,
				DCF043E424AD16B800241062 /* Assets.xcassets */,
				DCF043E624AD16B800241062 /* Preview Content */,
			);
			path = "Sims School";
			sourceTree = "<group>";
		};
		DCF043E624AD16B800241062 /* Preview Content */ = {
			isa = PBXGroup;
			children = (
				DCF043E724AD16B800241062 /* Preview Assets.xcassets */,
			);
			path = "Preview Content";
			sourceTree = "<group>";
		};
		DCF043F224AD16E600241062 /* Screens */ = {
			isa = PBXGroup;
			children = (
				DC89F04524BD7036001964FC /* Tabs */,
				DCF043F324AD16F200241062 /* Login */,
			);
			path = Screens;
			sourceTree = "<group>";
		};
		DCF043F324AD16F200241062 /* Login */ = {
			isa = PBXGroup;
			children = (
				DC98E1B724B8AE0300D4BD76 /* Model */,
				DC98E1B624B8AC7E00D4BD76 /* Components */,
				DCF043F824AD191200241062 /* LoginScreen.swift */,
			);
			path = Login;
			sourceTree = "<group>";
		};
		DCF043F424AD16F900241062 /* Components */ = {
			isa = PBXGroup;
			children = (
				DC53D72B24C121A9004266CE /* Safari View */,
				DC1D22D924BE5BE000E1855D /* Slide Horizontal */,
				DCB672D624B241FE0064484D /* Activity Indicator */,
				DCA500BD24AE51CC006B4C63 /* Container Guest */,
				DC05771724BD60D7005CC9BC /* Container Sign in */,
				DC570CEF24C7251F00C9AEDA /* Player Video */,
				DCF043FA24AD1AA800241062 /* Input */,
			);
			path = Components;
			sourceTree = "<group>";
		};
		DCF043FA24AD1AA800241062 /* Input */ = {
			isa = PBXGroup;
			children = (
				DCF043FB24AD1ABD00241062 /* CustomInput.swift */,
				DC98E1BA24B8BF5900D4BD76 /* UIInput.swift */,
			);
			path = Input;
			sourceTree = "<group>";
		};
		DCF043FD24AD1C5700241062 /* Theme */ = {
			isa = PBXGroup;
			children = (
				DCF043FE24AD1D5900241062 /* Colors.swift */,
				DCF0440324AD2BB000241062 /* Images.swift */,
			);
			path = Theme;
			sourceTree = "<group>";
		};
		DCF0440624AE1DB900241062 /* Model */ = {
			isa = PBXGroup;
			children = (
				DC64927124BDEE9F00EDAC0E /* View Router */,
				DCF0440724AE1DCC00241062 /* Form */,
			);
			path = Model;
			sourceTree = "<group>";
		};
		DCF0440724AE1DCC00241062 /* Form */ = {
			isa = PBXGroup;
			children = (
				DCF0440824AE1E0400241062 /* FormModel.swift */,
				DCF0440E24AE393500241062 /* FormRules.swift */,
			);
			path = Form;
			sourceTree = "<group>";
		};
		DCF0440A24AE224200241062 /* Services */ = {
			isa = PBXGroup;
			children = (
				DCB672DD24B29B580064484D /* User */,
				DCAAF78B24C09D2F00F0518C /* Classes */,
			);
			path = Services;
			sourceTree = "<group>";
		};
		DCF0440B24AE2CCB00241062 /* Extensions */ = {
			isa = PBXGroup;
			children = (
				DCF0440C24AE2CF500241062 /* KeyboardHideInputHelper.swift */,
				DCB672D924B2683D0064484D /* HexToUiColor.swift */,
				DC98E1BD24B8ED4B00D4BD76 /* ScreenSize.swift */,
				DC98E1BF24B8EE8000D4BD76 /* PaddingTextFieldHorizontal.swift */,
				DC4D2D0324C22DDA008FD663 /* Date.swift */,
			);
			path = Extensions;
			sourceTree = "<group>";
		};
		DCFD821B24C61413008E3C05 /* List */ = {
			isa = PBXGroup;
			children = (
				DC07B47024C5EC7E00840714 /* TipsScreenList.swift */,
			);
			path = List;
			sourceTree = "<group>";
		};
		DCFD821C24C6142A008E3C05 /* Full Screen Image */ = {
			isa = PBXGroup;
			children = (
				DCFD821D24C61492008E3C05 /* TipsScreenFullScreenImage.swift */,
			);
			path = "Full Screen Image";
			sourceTree = "<group>";
		};
/* End PBXGroup section */

/* Begin PBXNativeTarget section */
		DCF043DA24AD16B600241062 /* Sims School */ = {
			isa = PBXNativeTarget;
			buildConfigurationList = DCF043EF24AD16B800241062 /* Build configuration list for PBXNativeTarget "Sims School" */;
			buildPhases = (
				663AFD1E9157B6170CADB5EF /* [CP] Check Pods Manifest.lock */,
				DCF043D724AD16B600241062 /* Sources */,
				DCF043D824AD16B600241062 /* Frameworks */,
				DCF043D924AD16B600241062 /* Resources */,
				18EF4CBCDA38BC645A868545 /* [CP] Embed Pods Frameworks */,
			);
			buildRules = (
			);
			dependencies = (
			);
			name = "Sims School";
			productName = "swiftui-escola";
			productReference = DCF043DB24AD16B600241062 /* Sims School.app */;
			productType = "com.apple.product-type.application";
		};
/* End PBXNativeTarget section */

/* Begin PBXProject section */
		DCF043D324AD16B600241062 /* Project object */ = {
			isa = PBXProject;
			attributes = {
				LastSwiftUpdateCheck = 1150;
				LastUpgradeCheck = 1150;
				ORGANIZATIONNAME = "João Damazio";
				TargetAttributes = {
					DCF043DA24AD16B600241062 = {
						CreatedOnToolsVersion = 11.5;
					};
				};
			};
			buildConfigurationList = DCF043D624AD16B600241062 /* Build configuration list for PBXProject "Sims School" */;
			compatibilityVersion = "Xcode 9.3";
			developmentRegion = en;
			hasScannedForEncodings = 0;
			knownRegions = (
				en,
				Base,
			);
			mainGroup = DCF043D224AD16B600241062;
			productRefGroup = DCF043DC24AD16B600241062 /* Products */;
			projectDirPath = "";
			projectRoot = "";
			targets = (
				DCF043DA24AD16B600241062 /* Sims School */,
			);
		};
/* End PBXProject section */

/* Begin PBXResourcesBuildPhase section */
		DCF043D924AD16B600241062 /* Resources */ = {
			isa = PBXResourcesBuildPhase;
			buildActionMask = 2147483647;
			files = (
				DC10077F24C7580E00DB3EE7 /* video-vertical.mov in Resources */,
				DC10078024C7580E00DB3EE7 /* video-horizontal.mp4 in Resources */,
				DCF043EB24AD16B800241062 /* LaunchScreen.storyboard in Resources */,
				DC98E1AF24B8A07F00D4BD76 /* GoogleService-Info.plist in Resources */,
				DCF043E824AD16B800241062 /* Preview Assets.xcassets in Resources */,
				DCF043E524AD16B800241062 /* Assets.xcassets in Resources */,
			);
			runOnlyForDeploymentPostprocessing = 0;
		};
/* End PBXResourcesBuildPhase section */

/* Begin PBXShellScriptBuildPhase section */
		18EF4CBCDA38BC645A868545 /* [CP] Embed Pods Frameworks */ = {
			isa = PBXShellScriptBuildPhase;
			buildActionMask = 2147483647;
			files = (
			);
			inputFileListPaths = (
				"${PODS_ROOT}/Target Support Files/Pods-Sims School/Pods-Sims School-frameworks-${CONFIGURATION}-input-files.xcfilelist",
			);
			name = "[CP] Embed Pods Frameworks";
			outputFileListPaths = (
				"${PODS_ROOT}/Target Support Files/Pods-Sims School/Pods-Sims School-frameworks-${CONFIGURATION}-output-files.xcfilelist",
			);
			runOnlyForDeploymentPostprocessing = 0;
			shellPath = /bin/sh;
			shellScript = "\"${PODS_ROOT}/Target Support Files/Pods-Sims School/Pods-Sims School-frameworks.sh\"\n";
			showEnvVarsInLog = 0;
		};
		663AFD1E9157B6170CADB5EF /* [CP] Check Pods Manifest.lock */ = {
			isa = PBXShellScriptBuildPhase;
			buildActionMask = 2147483647;
			files = (
			);
			inputFileListPaths = (
			);
			inputPaths = (
				"${PODS_PODFILE_DIR_PATH}/Podfile.lock",
				"${PODS_ROOT}/Manifest.lock",
			);
			name = "[CP] Check Pods Manifest.lock";
			outputFileListPaths = (
			);
			outputPaths = (
				"$(DERIVED_FILE_DIR)/Pods-Sims School-checkManifestLockResult.txt",
			);
			runOnlyForDeploymentPostprocessing = 0;
			shellPath = /bin/sh;
			shellScript = "diff \"${PODS_PODFILE_DIR_PATH}/Podfile.lock\" \"${PODS_ROOT}/Manifest.lock\" > /dev/null\nif [ $? != 0 ] ; then\n    # print error to STDERR\n    echo \"error: The sandbox is not in sync with the Podfile.lock. Run 'pod install' or update your CocoaPods installation.\" >&2\n    exit 1\nfi\n# This output is used by Xcode 'outputs' to avoid re-running this script phase.\necho \"SUCCESS\" > \"${SCRIPT_OUTPUT_FILE_0}\"\n";
			showEnvVarsInLog = 0;
		};
/* End PBXShellScriptBuildPhase section */

/* Begin PBXSourcesBuildPhase section */
		DCF043D724AD16B600241062 /* Sources */ = {
			isa = PBXSourcesBuildPhase;
			buildActionMask = 2147483647;
			files = (
				DC53D72D24C121B8004266CE /* SafariView.swift in Sources */,
				DCF0440424AD2BB000241062 /* Images.swift in Sources */,
				DCA500C124AE5223006B4C63 /* CustomContainerGuest.swift in Sources */,
				DC989EE524BD0006003B79A6 /* Layout.swift in Sources */,
				DC05771924BD6104005CC9BC /* CustomContainerSignIn.swift in Sources */,
				DC4D2CFF24C1E68D008FD663 /* ScoresScreenCardScore.swift in Sources */,
				DC98E1B524B8AA3E00D4BD76 /* LoginScreenLogo.swift in Sources */,
				DCF043DF24AD16B600241062 /* AppDelegate.swift in Sources */,
				DC4D2D0D24C27D85008FD663 /* ClassesScreenSubjectDay.swift in Sources */,
				DCF043FF24AD1D5900241062 /* Colors.swift in Sources */,
				DCAAF78D24C09D6F00F0518C /* ClassesResponse.swift in Sources */,
				DCB672E124B29BC10064484D /* Response.swift in Sources */,
				DC64927C24BE179B00EDAC0E /* HomeScreenProfile.swift in Sources */,
				DC4D2D0224C219FE008FD663 /* ClassesScreen.swift in Sources */,
				DC4D2D0424C22DDA008FD663 /* Date.swift in Sources */,
				DC64927E24BE1A2B00EDAC0E /* HomeScreenClasses.swift in Sources */,
				DC98E1C024B8EE8000D4BD76 /* PaddingTextFieldHorizontal.swift in Sources */,
				DC1D22DB24BE5C1F00E1855D /* SlideHorizontal.swift in Sources */,
				DCB672D824B242120064484D /* ActivityIndicator.swift in Sources */,
				DCF043F924AD191200241062 /* LoginScreen.swift in Sources */,
				DC570CF224C7255D00C9AEDA /* CustomUIVideoPlayer.swift in Sources */,
				DC4D2D0B24C27D70008FD663 /* ClassesScreenDaysWeek.swift in Sources */,
				DCAAF79024C0A86000F0518C /* HomeScreenPageModel.swift in Sources */,
				DC89F04724BD704B001964FC /* TabsScreen.swift in Sources */,
				DC64927624BDF27400EDAC0E /* ScoresScreen.swift in Sources */,
				DC198D3E24C3D2B000AF27B5 /* ClassesScreenModel.swift in Sources */,
				DC4D2D0924C27D5F008FD663 /* ClassesScreenCalendar.swift in Sources */,
				DCF043FC24AD1ABD00241062 /* CustomInput.swift in Sources */,
				DC64928024BE1A3D00EDAC0E /* HomeScreenAds.swift in Sources */,
				DC98E1BB24B8BF5900D4BD76 /* UIInput.swift in Sources */,
				DC10077C24C74AD200DB3EE7 /* PlayerView.swift in Sources */,
				DCB672E324B29BD10064484D /* Service.swift in Sources */,
				DC98E1B224B8A18100D4BD76 /* LoginScreenSubmitButton.swift in Sources */,
				DC07B47124C5EC7E00840714 /* TipsScreenList.swift in Sources */,
				DCFD821E24C61492008E3C05 /* TipsScreenFullScreenImage.swift in Sources */,
				DCF043E124AD16B600241062 /* SceneDelegate.swift in Sources */,
				DC53D72A24C0ECC9004266CE /* SlideHorizontalDots.swift in Sources */,
				DC64927324BDEEB300EDAC0E /* ViewRouter.swift in Sources */,
				DC07B46E24C5DA7400840714 /* TipsScreen.swift in Sources */,
				DCF0440F24AE393500241062 /* FormRules.swift in Sources */,
				DCB672DA24B2683D0064484D /* HexToUiColor.swift in Sources */,
				DC53D72624C0EB53004266CE /* CustomUIPageViewController.swift in Sources */,
				DCB672DF24B29BB60064484D /* Request.swift in Sources */,
				DCF0440D24AE2CF500241062 /* KeyboardHideInputHelper.swift in Sources */,
				DC989EDD24BCEDCA003B79A6 /* HomeScreen.swift in Sources */,
				DC4D2CFC24C1E635008FD663 /* ScoresScreenSemesters.swift in Sources */,
				DC98E1BE24B8ED4B00D4BD76 /* ScreenSize.swift in Sources */,
				DCF0440924AE1E0400241062 /* FormModel.swift in Sources */,
				DC98E1B924B8AE3900D4BD76 /* LoginScreenModel.swift in Sources */,
			);
			runOnlyForDeploymentPostprocessing = 0;
		};
/* End PBXSourcesBuildPhase section */

/* Begin PBXVariantGroup section */
		DCF043E924AD16B800241062 /* LaunchScreen.storyboard */ = {
			isa = PBXVariantGroup;
			children = (
				DCF043EA24AD16B800241062 /* Base */,
			);
			name = LaunchScreen.storyboard;
			sourceTree = "<group>";
		};
/* End PBXVariantGroup section */

/* Begin XCBuildConfiguration section */
		DCF043ED24AD16B800241062 /* Debug */ = {
			isa = XCBuildConfiguration;
			buildSettings = {
				ALWAYS_SEARCH_USER_PATHS = NO;
				CLANG_ANALYZER_NONNULL = YES;
				CLANG_ANALYZER_NUMBER_OBJECT_CONVERSION = YES_AGGRESSIVE;
				CLANG_CXX_LANGUAGE_STANDARD = "gnu++14";
				CLANG_CXX_LIBRARY = "libc++";
				CLANG_ENABLE_MODULES = YES;
				CLANG_ENABLE_OBJC_ARC = YES;
				CLANG_ENABLE_OBJC_WEAK = YES;
				CLANG_WARN_BLOCK_CAPTURE_AUTORELEASING = YES;
				CLANG_WARN_BOOL_CONVERSION = YES;
				CLANG_WARN_COMMA = YES;
				CLANG_WARN_CONSTANT_CONVERSION = YES;
				CLANG_WARN_DEPRECATED_OBJC_IMPLEMENTATIONS = YES;
				CLANG_WARN_DIRECT_OBJC_ISA_USAGE = YES_ERROR;
				CLANG_WARN_DOCUMENTATION_COMMENTS = YES;
				CLANG_WARN_EMPTY_BODY = YES;
				CLANG_WARN_ENUM_CONVERSION = YES;
				CLANG_WARN_INFINITE_RECURSION = YES;
				CLANG_WARN_INT_CONVERSION = YES;
				CLANG_WARN_NON_LITERAL_NULL_CONVERSION = YES;
				CLANG_WARN_OBJC_IMPLICIT_RETAIN_SELF = YES;
				CLANG_WARN_OBJC_LITERAL_CONVERSION = YES;
				CLANG_WARN_OBJC_ROOT_CLASS = YES_ERROR;
				CLANG_WARN_RANGE_LOOP_ANALYSIS = YES;
				CLANG_WARN_STRICT_PROTOTYPES = YES;
				CLANG_WARN_SUSPICIOUS_MOVE = YES;
				CLANG_WARN_UNGUARDED_AVAILABILITY = YES_AGGRESSIVE;
				CLANG_WARN_UNREACHABLE_CODE = YES;
				CLANG_WARN__DUPLICATE_METHOD_MATCH = YES;
				COPY_PHASE_STRIP = NO;
				DEBUG_INFORMATION_FORMAT = dwarf;
				ENABLE_STRICT_OBJC_MSGSEND = YES;
				ENABLE_TESTABILITY = YES;
				GCC_C_LANGUAGE_STANDARD = gnu11;
				GCC_DYNAMIC_NO_PIC = NO;
				GCC_NO_COMMON_BLOCKS = YES;
				GCC_OPTIMIZATION_LEVEL = 0;
				GCC_PREPROCESSOR_DEFINITIONS = (
					"DEBUG=1",
					"$(inherited)",
				);
				GCC_WARN_64_TO_32_BIT_CONVERSION = YES;
				GCC_WARN_ABOUT_RETURN_TYPE = YES_ERROR;
				GCC_WARN_UNDECLARED_SELECTOR = YES;
				GCC_WARN_UNINITIALIZED_AUTOS = YES_AGGRESSIVE;
				GCC_WARN_UNUSED_FUNCTION = YES;
				GCC_WARN_UNUSED_VARIABLE = YES;
				IPHONEOS_DEPLOYMENT_TARGET = 13.5;
				MTL_ENABLE_DEBUG_INFO = INCLUDE_SOURCE;
				MTL_FAST_MATH = YES;
				ONLY_ACTIVE_ARCH = YES;
				SDKROOT = iphoneos;
				SWIFT_ACTIVE_COMPILATION_CONDITIONS = DEBUG;
				SWIFT_OPTIMIZATION_LEVEL = "-Onone";
			};
			name = Debug;
		};
		DCF043EE24AD16B800241062 /* Release */ = {
			isa = XCBuildConfiguration;
			buildSettings = {
				ALWAYS_SEARCH_USER_PATHS = NO;
				CLANG_ANALYZER_NONNULL = YES;
				CLANG_ANALYZER_NUMBER_OBJECT_CONVERSION = YES_AGGRESSIVE;
				CLANG_CXX_LANGUAGE_STANDARD = "gnu++14";
				CLANG_CXX_LIBRARY = "libc++";
				CLANG_ENABLE_MODULES = YES;
				CLANG_ENABLE_OBJC_ARC = YES;
				CLANG_ENABLE_OBJC_WEAK = YES;
				CLANG_WARN_BLOCK_CAPTURE_AUTORELEASING = YES;
				CLANG_WARN_BOOL_CONVERSION = YES;
				CLANG_WARN_COMMA = YES;
				CLANG_WARN_CONSTANT_CONVERSION = YES;
				CLANG_WARN_DEPRECATED_OBJC_IMPLEMENTATIONS = YES;
				CLANG_WARN_DIRECT_OBJC_ISA_USAGE = YES_ERROR;
				CLANG_WARN_DOCUMENTATION_COMMENTS = YES;
				CLANG_WARN_EMPTY_BODY = YES;
				CLANG_WARN_ENUM_CONVERSION = YES;
				CLANG_WARN_INFINITE_RECURSION = YES;
				CLANG_WARN_INT_CONVERSION = YES;
				CLANG_WARN_NON_LITERAL_NULL_CONVERSION = YES;
				CLANG_WARN_OBJC_IMPLICIT_RETAIN_SELF = YES;
				CLANG_WARN_OBJC_LITERAL_CONVERSION = YES;
				CLANG_WARN_OBJC_ROOT_CLASS = YES_ERROR;
				CLANG_WARN_RANGE_LOOP_ANALYSIS = YES;
				CLANG_WARN_STRICT_PROTOTYPES = YES;
				CLANG_WARN_SUSPICIOUS_MOVE = YES;
				CLANG_WARN_UNGUARDED_AVAILABILITY = YES_AGGRESSIVE;
				CLANG_WARN_UNREACHABLE_CODE = YES;
				CLANG_WARN__DUPLICATE_METHOD_MATCH = YES;
				COPY_PHASE_STRIP = NO;
				DEBUG_INFORMATION_FORMAT = "dwarf-with-dsym";
				ENABLE_NS_ASSERTIONS = NO;
				ENABLE_STRICT_OBJC_MSGSEND = YES;
				GCC_C_LANGUAGE_STANDARD = gnu11;
				GCC_NO_COMMON_BLOCKS = YES;
				GCC_WARN_64_TO_32_BIT_CONVERSION = YES;
				GCC_WARN_ABOUT_RETURN_TYPE = YES_ERROR;
				GCC_WARN_UNDECLARED_SELECTOR = YES;
				GCC_WARN_UNINITIALIZED_AUTOS = YES_AGGRESSIVE;
				GCC_WARN_UNUSED_FUNCTION = YES;
				GCC_WARN_UNUSED_VARIABLE = YES;
				IPHONEOS_DEPLOYMENT_TARGET = 13.5;
				MTL_ENABLE_DEBUG_INFO = NO;
				MTL_FAST_MATH = YES;
				SDKROOT = iphoneos;
				SWIFT_COMPILATION_MODE = wholemodule;
				SWIFT_OPTIMIZATION_LEVEL = "-O";
				VALIDATE_PRODUCT = YES;
			};
			name = Release;
		};
		DCF043F024AD16B800241062 /* Debug */ = {
			isa = XCBuildConfiguration;
			baseConfigurationReference = AB599491792EC550D7C02C8C /* Pods-Sims School.debug.xcconfig */;
			buildSettings = {
				ASSETCATALOG_COMPILER_APPICON_NAME = AppIcon;
				CODE_SIGN_STYLE = Automatic;
				DEVELOPMENT_ASSET_PATHS = "\"Sims School/Preview Content\"";
				DEVELOPMENT_TEAM = R8RR6LZ5DA;
				ENABLE_PREVIEWS = YES;
				INFOPLIST_FILE = "Sims School/Info.plist";
				IPHONEOS_DEPLOYMENT_TARGET = 13.6;
				LD_RUNPATH_SEARCH_PATHS = (
					"$(inherited)",
					"@executable_path/Frameworks",
				);
				PRODUCT_BUNDLE_IDENTIFIER = "joao.tm.swiftui-sims-school";
				PRODUCT_NAME = "Sims School";
				SWIFT_VERSION = 5.0;
				TARGETED_DEVICE_FAMILY = "1,2";
			};
			name = Debug;
		};
		DCF043F124AD16B800241062 /* Release */ = {
			isa = XCBuildConfiguration;
			baseConfigurationReference = 3B698B968CFB1C1CF16D3BDF /* Pods-Sims School.release.xcconfig */;
			buildSettings = {
				ASSETCATALOG_COMPILER_APPICON_NAME = AppIcon;
				CODE_SIGN_STYLE = Automatic;
				DEVELOPMENT_ASSET_PATHS = "\"Sims School/Preview Content\"";
				DEVELOPMENT_TEAM = R8RR6LZ5DA;
				ENABLE_PREVIEWS = YES;
				INFOPLIST_FILE = "Sims School/Info.plist";
				IPHONEOS_DEPLOYMENT_TARGET = 13.6;
				LD_RUNPATH_SEARCH_PATHS = (
					"$(inherited)",
					"@executable_path/Frameworks",
				);
				PRODUCT_BUNDLE_IDENTIFIER = "joao.tm.swiftui-sims-school";
				PRODUCT_NAME = "Sims School";
				SWIFT_VERSION = 5.0;
				TARGETED_DEVICE_FAMILY = "1,2";
			};
			name = Release;
		};
/* End XCBuildConfiguration section */

/* Begin XCConfigurationList section */
		DCF043D624AD16B600241062 /* Build configuration list for PBXProject "Sims School" */ = {
			isa = XCConfigurationList;
			buildConfigurations = (
				DCF043ED24AD16B800241062 /* Debug */,
				DCF043EE24AD16B800241062 /* Release */,
			);
			defaultConfigurationIsVisible = 0;
			defaultConfigurationName = Release;
		};
		DCF043EF24AD16B800241062 /* Build configuration list for PBXNativeTarget "Sims School" */ = {
			isa = XCConfigurationList;
			buildConfigurations = (
				DCF043F024AD16B800241062 /* Debug */,
				DCF043F124AD16B800241062 /* Release */,
			);
			defaultConfigurationIsVisible = 0;
			defaultConfigurationName = Release;
		};
/* End XCConfigurationList section */
	};
	rootObject = DCF043D324AD16B600241062 /* Project object */;
}
